
Microsoft Visual Studio Solution File, Format Version 12.00
# Visual Studio Version 17
VisualStudioVersion = 17.4.33213.308
MinimumVisualStudioVersion = 10.0.40219.1
Project("{FAE04EC0-301F-11D3-BF4B-00C04F79EFBC}") = "Square Chaser", "Square Chaser\Square Chaser.csproj", "{7AB48FA2-E2C8-4D1E-8393-BFB012E2DC4F}"
EndProject
Global
	GlobalSection(SolutionConfigurationPlatforms) = preSolution
		Debug|Any CPU = Debug|Any CPU
		Release|Any CPU = Release|Any CPU
	EndGlobalSection
	GlobalSection(ProjectConfigurationPlatforms) = postSolution
		{7AB48FA2-E2C8-4D1E-8393-BFB012E2DC4F}.Debug|Any CPU.ActiveCfg = Debug|Any CPU
		{7AB48FA2-E2C8-4D1E-8393-BFB012E2DC4F}.Debug|Any CPU.Build.0 = Debug|Any CPU
		{7AB48FA2-E2C8-4D1E-8393-BFB012E2DC4F}.Release|Any CPU.ActiveCfg = Release|Any CPU
		{7AB48FA2-E2C8-4D1E-8393-BFB012E2DC4F}.Release|Any CPU.Build.0 = Release|Any CPU
	EndGlobalSection
	GlobalSection(SolutionProperties) = preSolution
		HideSolutionNode = FALSE
	EndGlobalSection
	GlobalSection(ExtensibilityGlobals) = postSolution
		SolutionGuid = {33989023-8962-42C3-A1D8-7152A5C34366}
	EndGlobalSection
EndGlobal
